
Microsoft Visual Studio Solution File, Format Version 12.00
# Visual Studio 2012
Project("{FAE04EC0-301F-11D3-BF4B-00C04F79EFBC}") = "lostandfound", "lostandfound\lostandfound.csproj", "{052DA0B7-9321-4025-9B4A-16CB1DC17B5B}"
EndProject
Project("{FAE04EC0-301F-11D3-BF4B-00C04F79EFBC}") = "lostandfound.iOS", "iOS\lostandfound.iOS.csproj", "{946B3229-F96B-4575-9ED4-2D7E12357D8A}"
EndProject
Project("{FAE04EC0-301F-11D3-BF4B-00C04F79EFBC}") = "lostandfound.Droid", "Droid\lostandfound.Droid.csproj", "{C4ABDE92-2BE2-40D1-925C-780D5F524155}"
EndProject
Global
	GlobalSection(SolutionConfigurationPlatforms) = preSolution
		Debug|Any CPU = Debug|Any CPU
		Release|Any CPU = Release|Any CPU
		Debug|iPhoneSimulator = Debug|iPhoneSimulator
		Release|iPhone = Release|iPhone
		Release|iPhoneSimulator = Release|iPhoneSimulator
		Debug|iPhone = Debug|iPhone
	EndGlobalSection
	GlobalSection(ProjectConfigurationPlatforms) = postSolution
		{052DA0B7-9321-4025-9B4A-16CB1DC17B5B}.Debug|Any CPU.ActiveCfg = Debug|Any CPU
		{052DA0B7-9321-4025-9B4A-16CB1DC17B5B}.Debug|Any CPU.Build.0 = Debug|Any CPU
		{052DA0B7-9321-4025-9B4A-16CB1DC17B5B}.Release|Any CPU.ActiveCfg = Release|Any CPU
		{052DA0B7-9321-4025-9B4A-16CB1DC17B5B}.Release|Any CPU.Build.0 = Release|Any CPU
		{052DA0B7-9321-4025-9B4A-16CB1DC17B5B}.Debug|iPhoneSimulator.ActiveCfg = Debug|Any CPU
		{052DA0B7-9321-4025-9B4A-16CB1DC17B5B}.Debug|iPhoneSimulator.Build.0 = Debug|Any CPU
		{052DA0B7-9321-4025-9B4A-16CB1DC17B5B}.Release|iPhone.ActiveCfg = Release|Any CPU
		{052DA0B7-9321-4025-9B4A-16CB1DC17B5B}.Release|iPhone.Build.0 = Release|Any CPU
		{052DA0B7-9321-4025-9B4A-16CB1DC17B5B}.Release|iPhoneSimulator.ActiveCfg = Release|Any CPU
		{052DA0B7-9321-4025-9B4A-16CB1DC17B5B}.Release|iPhoneSimulator.Build.0 = Release|Any CPU
		{052DA0B7-9321-4025-9B4A-16CB1DC17B5B}.Debug|iPhone.ActiveCfg = Debug|Any CPU
		{052DA0B7-9321-4025-9B4A-16CB1DC17B5B}.Debug|iPhone.Build.0 = Debug|Any CPU
		{946B3229-F96B-4575-9ED4-2D7E12357D8A}.Debug|Any CPU.ActiveCfg = Debug|iPhoneSimulator
		{946B3229-F96B-4575-9ED4-2D7E12357D8A}.Debug|Any CPU.Build.0 = Debug|iPhoneSimulator
		{946B3229-F96B-4575-9ED4-2D7E12357D8A}.Release|Any CPU.ActiveCfg = Release|iPhone
		{946B3229-F96B-4575-9ED4-2D7E12357D8A}.Release|Any CPU.Build.0 = Release|iPhone
		{946B3229-F96B-4575-9ED4-2D7E12357D8A}.Debug|iPhoneSimulator.ActiveCfg = Debug|iPhoneSimulator
		{946B3229-F96B-4575-9ED4-2D7E12357D8A}.Debug|iPhoneSimulator.Build.0 = Debug|iPhoneSimulator
		{946B3229-F96B-4575-9ED4-2D7E12357D8A}.Release|iPhone.ActiveCfg = Release|iPhone
		{946B3229-F96B-4575-9ED4-2D7E12357D8A}.Release|iPhone.Build.0 = Release|iPhone
		{946B3229-F96B-4575-9ED4-2D7E12357D8A}.Release|iPhoneSimulator.ActiveCfg = Release|iPhoneSimulator
		{946B3229-F96B-4575-9ED4-2D7E12357D8A}.Release|iPhoneSimulator.Build.0 = Release|iPhoneSimulator
		{946B3229-F96B-4575-9ED4-2D7E12357D8A}.Debug|iPhone.ActiveCfg = Debug|iPhone
		{946B3229-F96B-4575-9ED4-2D7E12357D8A}.Debug|iPhone.Build.0 = Debug|iPhone
		{C4ABDE92-2BE2-40D1-925C-780D5F524155}.Debug|Any CPU.ActiveCfg = Debug|Any CPU
		{C4ABDE92-2BE2-40D1-925C-780D5F524155}.Debug|Any CPU.Build.0 = Debug|Any CPU
		{C4ABDE92-2BE2-40D1-925C-780D5F524155}.Release|Any CPU.ActiveCfg = Release|Any CPU
		{C4ABDE92-2BE2-40D1-925C-780D5F524155}.Release|Any CPU.Build.0 = Release|Any CPU
		{C4ABDE92-2BE2-40D1-925C-780D5F524155}.Debug|iPhoneSimulator.ActiveCfg = Debug|Any CPU
		{C4ABDE92-2BE2-40D1-925C-780D5F524155}.Debug|iPhoneSimulator.Build.0 = Debug|Any CPU
		{C4ABDE92-2BE2-40D1-925C-780D5F524155}.Release|iPhone.ActiveCfg = Release|Any CPU
		{C4ABDE92-2BE2-40D1-925C-780D5F524155}.Release|iPhone.Build.0 = Release|Any CPU
		{C4ABDE92-2BE2-40D1-925C-780D5F524155}.Release|iPhoneSimulator.ActiveCfg = Release|Any CPU
		{C4ABDE92-2BE2-40D1-925C-780D5F524155}.Release|iPhoneSimulator.Build.0 = Release|Any CPU
		{C4ABDE92-2BE2-40D1-925C-780D5F524155}.Debug|iPhone.ActiveCfg = Debug|Any CPU
		{C4ABDE92-2BE2-40D1-925C-780D5F524155}.Debug|iPhone.Build.0 = Debug|Any CPU
	EndGlobalSection
EndGlobal
